Microsoft Visual Studio Solution File, Format Version 12.00
# Visual Studio Version 17
VisualStudioVersion = 17.5.2.0
MinimumVisualStudioVersion = 10.0.40219.1
Project("{FAE04EC0-301F-11D3-BF4B-00C04F79EFBC}") = "BloodPressureTracker", "BloodPressureTracker.csproj", "{75EF0F86-F7A7-3994-50F7-F914AB789B10}"
EndProject
Global
	GlobalSection(SolutionConfigurationPlatforms) = preSolution
		Debug|Any CPU = Debug|Any CPU
		Release|Any CPU = Release|Any CPU
	EndGlobalSection
	GlobalSection(ProjectConfigurationPlatforms) = postSolution
		{75EF0F86-F7A7-3994-50F7-F914AB789B10}.Debug|Any CPU.ActiveCfg = Debug|Any CPU
		{75EF0F86-F7A7-3994-50F7-F914AB789B10}.Debug|Any CPU.Build.0 = Debug|Any CPU
		{75EF0F86-F7A7-3994-50F7-F914AB789B10}.Release|Any CPU.ActiveCfg = Release|Any CPU
		{75EF0F86-F7A7-3994-50F7-F914AB789B10}.Release|Any CPU.Build.0 = Release|Any CPU
	EndGlobalSection
	GlobalSection(SolutionProperties) = preSolution
		HideSolutionNode = FALSE
	EndGlobalSection
	GlobalSection(ExtensibilityGlobals) = postSolution
		SolutionGuid = {751B35F2-D8D5-4ACF-8747-E151F8AFC2B8}
	EndGlobalSection
EndGlobal
